
Microsoft Visual Studio Solution File, Format Version 12.00
# Visual Studio Version 17
VisualStudioVersion = 17.5.33530.505
MinimumVisualStudioVersion = 10.0.40219.1
Project("{FAE04EC0-301F-11D3-BF4B-00C04F79EFBC}") = "AIS_LABA1", "AIS_LABA1\AIS_LABA1.csproj", "{242F8EB7-CF23-4C79-8106-B8C334AF525F}"
EndProject
Global
	GlobalSection(SolutionConfigurationPlatforms) = preSolution
		Debug|Any CPU = Debug|Any CPU
		Release|Any CPU = Release|Any CPU
	EndGlobalSection
	GlobalSection(ProjectConfigurationPlatforms) = postSolution
		{242F8EB7-CF23-4C79-8106-B8C334AF525F}.Debug|Any CPU.ActiveCfg = Debug|Any CPU
		{242F8EB7-CF23-4C79-8106-B8C334AF525F}.Debug|Any CPU.Build.0 = Debug|Any CPU
		{242F8EB7-CF23-4C79-8106-B8C334AF525F}.Release|Any CPU.ActiveCfg = Release|Any CPU
		{242F8EB7-CF23-4C79-8106-B8C334AF525F}.Release|Any CPU.Build.0 = Release|Any CPU
	EndGlobalSection
	GlobalSection(SolutionProperties) = preSolution
		HideSolutionNode = FALSE
	EndGlobalSection
	GlobalSection(ExtensibilityGlobals) = postSolution
		SolutionGuid = {1E028974-BF12-4361-9B5D-63D1928EFD18}
	EndGlobalSection
EndGlobal
